// !$*UTF8*$!
{
	archiveVersion = 1;
	classes = {
	};
	objectVersion = 46;
	objects = {

/* Begin PBXBuildFile section */
		330CEC6CFF8192D557D9958F /* Pods_TVRemote.framework in Frameworks */ = {isa = PBXBuildFile; fileRef = A5DA4F41B13D484EBEB92650 /* Pods_TVRemote.framework */; };
		7558E81B3E47209E5237132F /* Pods_TVRemoteUITests.framework in Frameworks */ = {isa = PBXBuildFile; fileRef = 3BBDA971B271B12435408772 /* Pods_TVRemoteUITests.framework */; };
		ABA307CDF5F53E800D49CEBD /* Pods_TVRemoteTests.framework in Frameworks */ = {isa = PBXBuildFile; fileRef = 668EB7AF1432CE6EA19BC062 /* Pods_TVRemoteTests.framework */; };
		EA7D639A1D033735001675C3 /* AppDelegate.swift in Sources */ = {isa = PBXBuildFile; fileRef = EA7D63991D033735001675C3 /* AppDelegate.swift */; };
		EA7D639C1D033735001675C3 /* ViewController.swift in Sources */ = {isa = PBXBuildFile; fileRef = EA7D639B1D033735001675C3 /* ViewController.swift */; };
		EA7D639F1D033735001675C3 /* Main.storyboard in Resources */ = {isa = PBXBuildFile; fileRef = EA7D639D1D033735001675C3 /* Main.storyboard */; };
		EA7D63A11D033735001675C3 /* Assets.xcassets in Resources */ = {isa = PBXBuildFile; fileRef = EA7D63A01D033735001675C3 /* Assets.xcassets */; };
		EA7D63A41D033735001675C3 /* LaunchScreen.storyboard in Resources */ = {isa = PBXBuildFile; fileRef = EA7D63A21D033735001675C3 /* LaunchScreen.storyboard */; };
		EA7D63AF1D033735001675C3 /* TVRemoteTests.swift in Sources */ = {isa = PBXBuildFile; fileRef = EA7D63AE1D033735001675C3 /* TVRemoteTests.swift */; };
		EA7D63BA1D033735001675C3 /* TVRemoteUITests.swift in Sources */ = {isa = PBXBuildFile; fileRef = EA7D63B91D033735001675C3 /* TVRemoteUITests.swift */; };
		EAE837691D1AC1C4000938D8 /* UIColor+Brightness.m in Sources */ = {isa = PBXBuildFile; fileRef = EAE837641D1AC1C4000938D8 /* UIColor+Brightness.m */; };
		EAE8376A1D1AC1C4000938D8 /* UIColor+Hex.m in Sources */ = {isa = PBXBuildFile; fileRef = EAE837661D1AC1C4000938D8 /* UIColor+Hex.m */; };
		EAE8376B1D1AC1C4000938D8 /* UIView+NIB.m in Sources */ = {isa = PBXBuildFile; fileRef = EAE837681D1AC1C4000938D8 /* UIView+NIB.m */; };
		EAE837761D1AC1E1000938D8 /* YSKRecognizeButton.m in Sources */ = {isa = PBXBuildFile; fileRef = EAE8376D1D1AC1E1000938D8 /* YSKRecognizeButton.m */; };
		EAE837771D1AC1E1000938D8 /* YSKRecognizerCell.m in Sources */ = {isa = PBXBuildFile; fileRef = EAE8376F1D1AC1E1000938D8 /* YSKRecognizerCell.m */; };
		EAE837781D1AC1E1000938D8 /* YSKRecognizerCell.xib in Resources */ = {isa = PBXBuildFile; fileRef = EAE837701D1AC1E1000938D8 /* YSKRecognizerCell.xib */; };
		EAE837791D1AC1E1000938D8 /* YSKRecognizerPowerView.m in Sources */ = {isa = PBXBuildFile; fileRef = EAE837721D1AC1E1000938D8 /* YSKRecognizerPowerView.m */; };
		EAE8377A1D1AC1E1000938D8 /* YSKRecognizerSectionHeaderView.m in Sources */ = {isa = PBXBuildFile; fileRef = EAE837741D1AC1E1000938D8 /* YSKRecognizerSectionHeaderView.m */; };
		EAE8377B1D1AC1E1000938D8 /* YSKRecognizerSectionHeaderView.xib in Resources */ = {isa = PBXBuildFile; fileRef = EAE837751D1AC1E1000938D8 /* YSKRecognizerSectionHeaderView.xib */; };
		EAE8377D1D1AC227000938D8 /* YSKRecognizerViewController.swift in Sources */ = {isa = PBXBuildFile; fileRef = EAE8377C1D1AC227000938D8 /* YSKRecognizerViewController.swift */; };
/* End PBXBuildFile section */

/* Begin PBXContainerItemProxy section */
		EA7D63AB1D033735001675C3 /* PBXContainerItemProxy */ = {
			isa = PBXContainerItemProxy;
			containerPortal = EA7D638E1D033735001675C3 /* Project object */;
			proxyType = 1;
			remoteGlobalIDString = EA7D63951D033735001675C3;
			remoteInfo = TVRemote;
		};
		EA7D63B61D033735001675C3 /* PBXContainerItemProxy */ = {
			isa = PBXContainerItemProxy;
			containerPortal = EA7D638E1D033735001675C3 /* Project object */;
			proxyType = 1;
			remoteGlobalIDString = EA7D63951D033735001675C3;
			remoteInfo = TVRemote;
		};
/* End PBXContainerItemProxy section */

/* Begin PBXFileReference section */
		202D21EA354828C485401194 /* Pods-TVRemote.adhoc.xcconfig */ = {isa = PBXFileReference; includeInIndex = 1; lastKnownFileType = text.xcconfig; name = "Pods-TVRemote.adhoc.xcconfig"; path = "Pods/Target Support Files/Pods-TVRemote/Pods-TVRemote.adhoc.xcconfig"; sourceTree = "<group>"; };
		28E428921C59CF8E310C86A7 /* Pods-TVRemoteUITests.debug.xcconfig */ = {isa = PBXFileReference; includeInIndex = 1; lastKnownFileType = text.xcconfig; name = "Pods-TVRemoteUITests.debug.xcconfig"; path = "Pods/Target Support Files/Pods-TVRemoteUITests/Pods-TVRemoteUITests.debug.xcconfig"; sourceTree = "<group>"; };
		3A0F2CF781ECE0D7FE9DFA03 /* Pods-TVRemoteTests.debug.xcconfig */ = {isa = PBXFileReference; includeInIndex = 1; lastKnownFileType = text.xcconfig; name = "Pods-TVRemoteTests.debug.xcconfig"; path = "Pods/Target Support Files/Pods-TVRemoteTests/Pods-TVRemoteTests.debug.xcconfig"; sourceTree = "<group>"; };
		3BBDA971B271B12435408772 /* Pods_TVRemoteUITests.framework */ = {isa = PBXFileReference; explicitFileType = wrapper.framework; includeInIndex = 0; path = Pods_TVRemoteUITests.framework; sourceTree = BUILT_PRODUCTS_DIR; };
		41EAD9DCF60F89BD163A2866 /* Pods-TVRemoteUITests.adhoc.xcconfig */ = {isa = PBXFileReference; includeInIndex = 1; lastKnownFileType = text.xcconfig; name = "Pods-TVRemoteUITests.adhoc.xcconfig"; path = "Pods/Target Support Files/Pods-TVRemoteUITests/Pods-TVRemoteUITests.adhoc.xcconfig"; sourceTree = "<group>"; };
		64F8B42E6E9FC9AA89F541E4 /* Pods-TVRemoteTests.release.xcconfig */ = {isa = PBXFileReference; includeInIndex = 1; lastKnownFileType = text.xcconfig; name = "Pods-TVRemoteTests.release.xcconfig"; path = "Pods/Target Support Files/Pods-TVRemoteTests/Pods-TVRemoteTests.release.xcconfig"; sourceTree = "<group>"; };
		668EB7AF1432CE6EA19BC062 /* Pods_TVRemoteTests.framework */ = {isa = PBXFileReference; explicitFileType = wrapper.framework; includeInIndex = 0; path = Pods_TVRemoteTests.framework; sourceTree = BUILT_PRODUCTS_DIR; };
		6C0AB053E1921627F0A9C370 /* Pods-TVRemote.debug.xcconfig */ = {isa = PBXFileReference; includeInIndex = 1; lastKnownFileType = text.xcconfig; name = "Pods-TVRemote.debug.xcconfig"; path = "Pods/Target Support Files/Pods-TVRemote/Pods-TVRemote.debug.xcconfig"; sourceTree = "<group>"; };
		77F3C6E75DE59EF2C22578F0 /* Pods-TVRemoteTests.adhoc.xcconfig */ = {isa = PBXFileReference; includeInIndex = 1; lastKnownFileType = text.xcconfig; name = "Pods-TVRemoteTests.adhoc.xcconfig"; path = "Pods/Target Support Files/Pods-TVRemoteTests/Pods-TVRemoteTests.adhoc.xcconfig"; sourceTree = "<group>"; };
		A5DA4F41B13D484EBEB92650 /* Pods_TVRemote.framework */ = {isa = PBXFileReference; explicitFileType = wrapper.framework; includeInIndex = 0; path = Pods_TVRemote.framework; sourceTree = BUILT_PRODUCTS_DIR; };
		DD20F63F8C999C83F80805B3 /* Pods-TVRemote.release.xcconfig */ = {isa = PBXFileReference; includeInIndex = 1; lastKnownFileType = text.xcconfig; name = "Pods-TVRemote.release.xcconfig"; path = "Pods/Target Support Files/Pods-TVRemote/Pods-TVRemote.release.xcconfig"; sourceTree = "<group>"; };
		E434D7329AF6C36FD83A7CD2 /* Pods-TVRemoteUITests.release.xcconfig */ = {isa = PBXFileReference; includeInIndex = 1; lastKnownFileType = text.xcconfig; name = "Pods-TVRemoteUITests.release.xcconfig"; path = "Pods/Target Support Files/Pods-TVRemoteUITests/Pods-TVRemoteUITests.release.xcconfig"; sourceTree = "<group>"; };
		EA7D63961D033735001675C3 /* TVRemote.app */ = {isa = PBXFileReference; explicitFileType = wrapper.application; includeInIndex = 0; path = TVRemote.app; sourceTree = BUILT_PRODUCTS_DIR; };
		EA7D63991D033735001675C3 /* AppDelegate.swift */ = {isa = PBXFileReference; lastKnownFileType = sourcecode.swift; path = AppDelegate.swift; sourceTree = "<group>"; };
		EA7D639B1D033735001675C3 /* ViewController.swift */ = {isa = PBXFileReference; lastKnownFileType = sourcecode.swift; path = ViewController.swift; sourceTree = "<group>"; };
		EA7D639E1D033735001675C3 /* Base */ = {isa = PBXFileReference; lastKnownFileType = file.storyboard; name = Base; path = Base.lproj/Main.storyboard; sourceTree = "<group>"; };
		EA7D63A01D033735001675C3 /* Assets.xcassets */ = {isa = PBXFileReference; lastKnownFileType = folder.assetcatalog; path = Assets.xcassets; sourceTree = "<group>"; };
		EA7D63A31D033735001675C3 /* Base */ = {isa = PBXFileReference; lastKnownFileType = file.storyboard; name = Base; path = Base.lproj/LaunchScreen.storyboard; sourceTree = "<group>"; };
		EA7D63A51D033735001675C3 /* Info.plist */ = {isa = PBXFileReference; lastKnownFileType = text.plist.xml; path = Info.plist; sourceTree = "<group>"; };
		EA7D63AA1D033735001675C3 /* TVRemoteTests.xctest */ = {isa = PBXFileReference; explicitFileType = wrapper.cfbundle; includeInIndex = 0; path = TVRemoteTests.xctest; sourceTree = BUILT_PRODUCTS_DIR; };
		EA7D63AE1D033735001675C3 /* TVRemoteTests.swift */ = {isa = PBXFileReference; lastKnownFileType = sourcecode.swift; path = TVRemoteTests.swift; sourceTree = "<group>"; };
		EA7D63B01D033735001675C3 /* Info.plist */ = {isa = PBXFileReference; lastKnownFileType = text.plist.xml; path = Info.plist; sourceTree = "<group>"; };
		EA7D63B51D033735001675C3 /* TVRemoteUITests.xctest */ = {isa = PBXFileReference; explicitFileType = wrapper.cfbundle; includeInIndex = 0; path = TVRemoteUITests.xctest; sourceTree = BUILT_PRODUCTS_DIR; };
		EA7D63B91D033735001675C3 /* TVRemoteUITests.swift */ = {isa = PBXFileReference; lastKnownFileType = sourcecode.swift; path = TVRemoteUITests.swift; sourceTree = "<group>"; };
		EA7D63BB1D033735001675C3 /* Info.plist */ = {isa = PBXFileReference; lastKnownFileType = text.plist.xml; path = Info.plist; sourceTree = "<group>"; };
		EAE8375E1D1AC06B000938D8 /* TVRemote-Bridging-Header.h */ = {isa = PBXFileReference; fileEncoding = 4; lastKnownFileType = sourcecode.c.h; path = "TVRemote-Bridging-Header.h"; sourceTree = "<group>"; };
		EAE837621D1AC1C4000938D8 /* TVRemote-Bridging-Header.h */ = {isa = PBXFileReference; lastKnownFileType = sourcecode.c.h; path = "TVRemote-Bridging-Header.h"; sourceTree = "<group>"; };
		EAE837631D1AC1C4000938D8 /* UIColor+Brightness.h */ = {isa = PBXFileReference; fileEncoding = 4; lastKnownFileType = sourcecode.c.h; name = "UIColor+Brightness.h"; path = "categories/UIColor+Brightness.h"; sourceTree = "<group>"; };
		EAE837641D1AC1C4000938D8 /* UIColor+Brightness.m */ = {isa = PBXFileReference; fileEncoding = 4; lastKnownFileType = sourcecode.c.objc; name = "UIColor+Brightness.m"; path = "categories/UIColor+Brightness.m"; sourceTree = "<group>"; };
		EAE837651D1AC1C4000938D8 /* UIColor+Hex.h */ = {isa = PBXFileReference; fileEncoding = 4; lastKnownFileType = sourcecode.c.h; name = "UIColor+Hex.h"; path = "categories/UIColor+Hex.h"; sourceTree = "<group>"; };
		EAE837661D1AC1C4000938D8 /* UIColor+Hex.m */ = {isa = PBXFileReference; fileEncoding = 4; lastKnownFileType = sourcecode.c.objc; name = "UIColor+Hex.m"; path = "categories/UIColor+Hex.m"; sourceTree = "<group>"; };
		EAE837671D1AC1C4000938D8 /* UIView+NIB.h */ = {isa = PBXFileReference; fileEncoding = 4; lastKnownFileType = sourcecode.c.h; name = "UIView+NIB.h"; path = "categories/UIView+NIB.h"; sourceTree = "<group>"; };
		EAE837681D1AC1C4000938D8 /* UIView+NIB.m */ = {isa = PBXFileReference; fileEncoding = 4; lastKnownFileType = sourcecode.c.objc; name = "UIView+NIB.m"; path = "categories/UIView+NIB.m"; sourceTree = "<group>"; };
		EAE8376C1D1AC1E1000938D8 /* YSKRecognizeButton.h */ = {isa = PBXFileReference; fileEncoding = 4; lastKnownFileType = sourcecode.c.h; name = YSKRecognizeButton.h; path = views/YSKRecognizeButton.h; sourceTree = "<group>"; };
		EAE8376D1D1AC1E1000938D8 /* YSKRecognizeButton.m */ = {isa = PBXFileReference; fileEncoding = 4; lastKnownFileType = sourcecode.c.objc; name = YSKRecognizeButton.m; path = views/YSKRecognizeButton.m; sourceTree = "<group>"; };
		EAE8376E1D1AC1E1000938D8 /* YSKRecognizerCell.h */ = {isa = PBXFileReference; fileEncoding = 4; lastKnownFileType = sourcecode.c.h; name = YSKRecognizerCell.h; path = views/YSKRecognizerCell.h; sourceTree = "<group>"; };
		EAE8376F1D1AC1E1000938D8 /* YSKRecognizerCell.m */ = {isa = PBXFileReference; fileEncoding = 4; lastKnownFileType = sourcecode.c.objc; name = YSKRecognizerCell.m; path = views/YSKRecognizerCell.m; sourceTree = "<group>"; };
		EAE837701D1AC1E1000938D8 /* YSKRecognizerCell.xib */ = {isa = PBXFileReference; fileEncoding = 4; lastKnownFileType = file.xib; name = YSKRecognizerCell.xib; path = views/YSKRecognizerCell.xib; sourceTree = "<group>"; };
		EAE837711D1AC1E1000938D8 /* YSKRecognizerPowerView.h */ = {isa = PBXFileReference; fileEncoding = 4; lastKnownFileType = sourcecode.c.h; name = YSKRecognizerPowerView.h; path = views/YSKRecognizerPowerView.h; sourceTree = "<group>"; };
		EAE837721D1AC1E1000938D8 /* YSKRecognizerPowerView.m */ = {isa = PBXFileReference; fileEncoding = 4; lastKnownFileType = sourcecode.c.objc; name = YSKRecognizerPowerView.m; path = views/YSKRecognizerPowerView.m; sourceTree = "<group>"; };
		EAE837731D1AC1E1000938D8 /* YSKRecognizerSectionHeaderView.h */ = {isa = PBXFileReference; fileEncoding = 4; lastKnownFileType = sourcecode.c.h; name = YSKRecognizerSectionHeaderView.h; path = views/YSKRecognizerSectionHeaderView.h; sourceTree = "<group>"; };
		EAE837741D1AC1E1000938D8 /* YSKRecognizerSectionHeaderView.m */ = {isa = PBXFileReference; fileEncoding = 4; lastKnownFileType = sourcecode.c.objc; name = YSKRecognizerSectionHeaderView.m; path = views/YSKRecognizerSectionHeaderView.m; sourceTree = "<group>"; };
		EAE837751D1AC1E1000938D8 /* YSKRecognizerSectionHeaderView.xib */ = {isa = PBXFileReference; fileEncoding = 4; lastKnownFileType = file.xib; name = YSKRecognizerSectionHeaderView.xib; path = views/YSKRecognizerSectionHeaderView.xib; sourceTree = "<group>"; };
		EAE8377C1D1AC227000938D8 /* YSKRecognizerViewController.swift */ = {isa = PBXFileReference; fileEncoding = 4; lastKnownFileType = sourcecode.swift; path = YSKRecognizerViewController.swift; sourceTree = "<group>"; };
/* End PBXFileReference section */

/* Begin PBXFrameworksBuildPhase section */
		EA7D63931D033735001675C3 /* Frameworks */ = {
			isa = PBXFrameworksBuildPhase;
			buildActionMask = 2147483647;
			files = (
				330CEC6CFF8192D557D9958F /* Pods_TVRemote.framework in Frameworks */,
			);
			runOnlyForDeploymentPostprocessing = 0;
		};
		EA7D63A71D033735001675C3 /* Frameworks */ = {
			isa = PBXFrameworksBuildPhase;
			buildActionMask = 2147483647;
			files = (
				ABA307CDF5F53E800D49CEBD /* Pods_TVRemoteTests.framework in Frameworks */,
			);
			runOnlyForDeploymentPostprocessing = 0;
		};
		EA7D63B21D033735001675C3 /* Frameworks */ = {
			isa = PBXFrameworksBuildPhase;
			buildActionMask = 2147483647;
			files = (
				7558E81B3E47209E5237132F /* Pods_TVRemoteUITests.framework in Frameworks */,
			);
			runOnlyForDeploymentPostprocessing = 0;
		};
/* End PBXFrameworksBuildPhase section */

/* Begin PBXGroup section */
		5BB74D22B67F380D5815F7C9 /* Pods */ = {
			isa = PBXGroup;
			children = (
				6C0AB053E1921627F0A9C370 /* Pods-TVRemote.debug.xcconfig */,
				DD20F63F8C999C83F80805B3 /* Pods-TVRemote.release.xcconfig */,
				3A0F2CF781ECE0D7FE9DFA03 /* Pods-TVRemoteTests.debug.xcconfig */,
				64F8B42E6E9FC9AA89F541E4 /* Pods-TVRemoteTests.release.xcconfig */,
				28E428921C59CF8E310C86A7 /* Pods-TVRemoteUITests.debug.xcconfig */,
				E434D7329AF6C36FD83A7CD2 /* Pods-TVRemoteUITests.release.xcconfig */,
				202D21EA354828C485401194 /* Pods-TVRemote.adhoc.xcconfig */,
				77F3C6E75DE59EF2C22578F0 /* Pods-TVRemoteTests.adhoc.xcconfig */,
				41EAD9DCF60F89BD163A2866 /* Pods-TVRemoteUITests.adhoc.xcconfig */,
			);
			name = Pods;
			sourceTree = "<group>";
		};
		6975779F09AC069C561747F4 /* Frameworks */ = {
			isa = PBXGroup;
			children = (
				A5DA4F41B13D484EBEB92650 /* Pods_TVRemote.framework */,
				668EB7AF1432CE6EA19BC062 /* Pods_TVRemoteTests.framework */,
				3BBDA971B271B12435408772 /* Pods_TVRemoteUITests.framework */,
			);
			name = Frameworks;
			sourceTree = "<group>";
		};
		EA7D638D1D033735001675C3 = {
			isa = PBXGroup;
			children = (
				EA7D63981D033735001675C3 /* TVRemote */,
				EA7D63AD1D033735001675C3 /* TVRemoteTests */,
				EA7D63B81D033735001675C3 /* TVRemoteUITests */,
				EA7D63971D033735001675C3 /* Products */,
				5BB74D22B67F380D5815F7C9 /* Pods */,
				6975779F09AC069C561747F4 /* Frameworks */,
			);
			sourceTree = "<group>";
		};
		EA7D63971D033735001675C3 /* Products */ = {
			isa = PBXGroup;
			children = (
				EA7D63961D033735001675C3 /* TVRemote.app */,
				EA7D63AA1D033735001675C3 /* TVRemoteTests.xctest */,
				EA7D63B51D033735001675C3 /* TVRemoteUITests.xctest */,
			);
			name = Products;
			sourceTree = "<group>";
		};
		EA7D63981D033735001675C3 /* TVRemote */ = {
			isa = PBXGroup;
			children = (
				EAE837621D1AC1C4000938D8 /* TVRemote-Bridging-Header.h */,
				EAE837611D1AC17E000938D8 /* categories */,
				EAE8375E1D1AC06B000938D8 /* TVRemote-Bridging-Header.h */,
				EA7D63991D033735001675C3 /* AppDelegate.swift */,
				EAE837601D1AC175000938D8 /* views */,
				EA7D639B1D033735001675C3 /* ViewController.swift */,
				EAE8377C1D1AC227000938D8 /* YSKRecognizerViewController.swift */,
				EA7D639D1D033735001675C3 /* Main.storyboard */,
				EA7D63A01D033735001675C3 /* Assets.xcassets */,
				EA7D63A21D033735001675C3 /* LaunchScreen.storyboard */,
				EA7D63A51D033735001675C3 /* Info.plist */,
			);
			path = TVRemote;
			sourceTree = "<group>";
		};
		EA7D63AD1D033735001675C3 /* TVRemoteTests */ = {
			isa = PBXGroup;
			children = (
				EA7D63AE1D033735001675C3 /* TVRemoteTests.swift */,
				EA7D63B01D033735001675C3 /* Info.plist */,
			);
			path = TVRemoteTests;
			sourceTree = "<group>";
		};
		EA7D63B81D033735001675C3 /* TVRemoteUITests */ = {
			isa = PBXGroup;
			children = (
				EA7D63B91D033735001675C3 /* TVRemoteUITests.swift */,
				EA7D63BB1D033735001675C3 /* Info.plist */,
			);
			path = TVRemoteUITests;
			sourceTree = "<group>";
		};
		EAE837601D1AC175000938D8 /* views */ = {
			isa = PBXGroup;
			children = (
				EAE8376C1D1AC1E1000938D8 /* YSKRecognizeButton.h */,
				EAE8376D1D1AC1E1000938D8 /* YSKRecognizeButton.m */,
				EAE8376E1D1AC1E1000938D8 /* YSKRecognizerCell.h */,
				EAE8376F1D1AC1E1000938D8 /* YSKRecognizerCell.m */,
				EAE837701D1AC1E1000938D8 /* YSKRecognizerCell.xib */,
				EAE837711D1AC1E1000938D8 /* YSKRecognizerPowerView.h */,
				EAE837721D1AC1E1000938D8 /* YSKRecognizerPowerView.m */,
				EAE837731D1AC1E1000938D8 /* YSKRecognizerSectionHeaderView.h */,
				EAE837741D1AC1E1000938D8 /* YSKRecognizerSectionHeaderView.m */,
				EAE837751D1AC1E1000938D8 /* YSKRecognizerSectionHeaderView.xib */,
			);
			name = views;
			sourceTree = "<group>";
		};
		EAE837611D1AC17E000938D8 /* categories */ = {
			isa = PBXGroup;
			children = (
				EAE837631D1AC1C4000938D8 /* UIColor+Brightness.h */,
				EAE837641D1AC1C4000938D8 /* UIColor+Brightness.m */,
				EAE837651D1AC1C4000938D8 /* UIColor+Hex.h */,
				EAE837661D1AC1C4000938D8 /* UIColor+Hex.m */,
				EAE837671D1AC1C4000938D8 /* UIView+NIB.h */,
				EAE837681D1AC1C4000938D8 /* UIView+NIB.m */,
			);
			name = categories;
			sourceTree = "<group>";
		};
/* End PBXGroup section */

/* Begin PBXNativeTarget section */
		EA7D63951D033735001675C3 /* TVRemote */ = {
			isa = PBXNativeTarget;
			buildConfigurationList = EA7D63BE1D033735001675C3 /* Build configuration list for PBXNativeTarget "TVRemote" */;
			buildPhases = (
				768BC8839963A6AE77DFADBA /* [CP] Check Pods Manifest.lock */,
				EA7D63921D033735001675C3 /* Sources */,
				EA7D63931D033735001675C3 /* Frameworks */,
				EA7D63941D033735001675C3 /* Resources */,
				FCD012F2071D64A374112FC7 /* [CP] Embed Pods Frameworks */,
				4EBE95389ABE45565ACF6A34 /* [CP] Copy Pods Resources */,
			);
			buildRules = (
			);
			dependencies = (
			);
			name = TVRemote;
			productName = TVRemote;
			productReference = EA7D63961D033735001675C3 /* TVRemote.app */;
			productType = "com.apple.product-type.application";
		};
		EA7D63A91D033735001675C3 /* TVRemoteTests */ = {
			isa = PBXNativeTarget;
			buildConfigurationList = EA7D63C11D033735001675C3 /* Build configuration list for PBXNativeTarget "TVRemoteTests" */;
			buildPhases = (
				742B98107C43B21EF77AA60C /* [CP] Check Pods Manifest.lock */,
				EA7D63A61D033735001675C3 /* Sources */,
				EA7D63A71D033735001675C3 /* Frameworks */,
				EA7D63A81D033735001675C3 /* Resources */,
				7F618AC1CD75AE507DDC1741 /* [CP] Embed Pods Frameworks */,
				656F0F46CF4FE97BD66DFF27 /* [CP] Copy Pods Resources */,
			);
			buildRules = (
			);
			dependencies = (
				EA7D63AC1D033735001675C3 /* PBXTargetDependency */,
			);
			name = TVRemoteTests;
			productName = TVRemoteTests;
			productReference = EA7D63AA1D033735001675C3 /* TVRemoteTests.xctest */;
			productType = "com.apple.product-type.bundle.unit-test";
		};
		EA7D63B41D033735001675C3 /* TVRemoteUITests */ = {
			isa = PBXNativeTarget;
			buildConfigurationList = EA7D63C41D033735001675C3 /* Build configuration list for PBXNativeTarget "TVRemoteUITests" */;
			buildPhases = (
				D35841E6A5D704AF7F9588A6 /* [CP] Check Pods Manifest.lock */,
				EA7D63B11D033735001675C3 /* Sources */,
				EA7D63B21D033735001675C3 /* Frameworks */,
				EA7D63B31D033735001675C3 /* Resources */,
				6DDBE834913652FBBFD0EE1C /* [CP] Copy Pods Resources */,
			);
			buildRules = (
			);
			dependencies = (
				EA7D63B71D033735001675C3 /* PBXTargetDependency */,
			);
			name = TVRemoteUITests;
			productName = TVRemoteUITests;
			productReference = EA7D63B51D033735001675C3 /* TVRemoteUITests.xctest */;
			productType = "com.apple.product-type.bundle.ui-testing";
		};
/* End PBXNativeTarget section */

/* Begin PBXProject section */
		EA7D638E1D033735001675C3 /* Project object */ = {
			isa = PBXProject;
			attributes = {
				LastSwiftUpdateCheck = 0730;
				LastUpgradeCheck = 0730;
				ORGANIZATIONNAME = "Andrey Styskin";
				TargetAttributes = {
					EA7D63951D033735001675C3 = {
						CreatedOnToolsVersion = 7.3.1;
						DevelopmentTeam = P2VQJ92T9R;
						LastSwiftMigration = 0810;
					};
					EA7D63A91D033735001675C3 = {
						CreatedOnToolsVersion = 7.3.1;
						LastSwiftMigration = 0810;
						TestTargetID = EA7D63951D033735001675C3;
					};
					EA7D63B41D033735001675C3 = {
						CreatedOnToolsVersion = 7.3.1;
						LastSwiftMigration = 0810;
						TestTargetID = EA7D63951D033735001675C3;
					};
				};
			};
			buildConfigurationList = EA7D63911D033735001675C3 /* Build configuration list for PBXProject "TVRemote" */;
			compatibilityVersion = "Xcode 3.2";
			developmentRegion = English;
			hasScannedForEncodings = 0;
			knownRegions = (
				en,
				Base,
			);
			mainGroup = EA7D638D1D033735001675C3;
			productRefGroup = EA7D63971D033735001675C3 /* Products */;
			projectDirPath = "";
			projectRoot = "";
			targets = (
				EA7D63951D033735001675C3 /* TVRemote */,
				EA7D63A91D033735001675C3 /* TVRemoteTests */,
				EA7D63B41D033735001675C3 /* TVRemoteUITests */,
			);
		};
/* End PBXProject section */

/* Begin PBXResourcesBuildPhase section */
		EA7D63941D033735001675C3 /* Resources */ = {
			isa = PBXResourcesBuildPhase;
			buildActionMask = 2147483647;
			files = (
				EAE8377B1D1AC1E1000938D8 /* YSKRecognizerSectionHeaderView.xib in Resources */,
				EA7D63A41D033735001675C3 /* LaunchScreen.storyboard in Resources */,
				EAE837781D1AC1E1000938D8 /* YSKRecognizerCell.xib in Resources */,
				EA7D63A11D033735001675C3 /* Assets.xcassets in Resources */,
				EA7D639F1D033735001675C3 /* Main.storyboard in Resources */,
			);
			runOnlyForDeploymentPostprocessing = 0;
		};
		EA7D63A81D033735001675C3 /* Resources */ = {
			isa = PBXResourcesBuildPhase;
			buildActionMask = 2147483647;
			files = (
			);
			runOnlyForDeploymentPostprocessing = 0;
		};
		EA7D63B31D033735001675C3 /* Resources */ = {
			isa = PBXResourcesBuildPhase;
			buildActionMask = 2147483647;
			files = (
			);
			runOnlyForDeploymentPostprocessing = 0;
		};
/* End PBXResourcesBuildPhase section */

/* Begin PBXShellScriptBuildPhase section */
		4EBE95389ABE45565ACF6A34 /* [CP] Copy Pods Resources */ = {
			isa = PBXShellScriptBuildPhase;
			buildActionMask = 2147483647;
			files = (
			);
			inputPaths = (
			);
			name = "[CP] Copy Pods Resources";
			outputPaths = (
			);
			runOnlyForDeploymentPostprocessing = 0;
			shellPath = /bin/sh;
			shellScript = "\"${SRCROOT}/Pods/Target Support Files/Pods-TVRemote/Pods-TVRemote-resources.sh\"\n";
			showEnvVarsInLog = 0;
		};
		656F0F46CF4FE97BD66DFF27 /* [CP] Copy Pods Resources */ = {
			isa = PBXShellScriptBuildPhase;
			buildActionMask = 2147483647;
			files = (
			);
			inputPaths = (
			);
			name = "[CP] Copy Pods Resources";
			outputPaths = (
			);
			runOnlyForDeploymentPostprocessing = 0;
			shellPath = /bin/sh;
			shellScript = "\"${SRCROOT}/Pods/Target Support Files/Pods-TVRemoteTests/Pods-TVRemoteTests-resources.sh\"\n";
			showEnvVarsInLog = 0;
		};
		6DDBE834913652FBBFD0EE1C /* [CP] Copy Pods Resources */ = {
			isa = PBXShellScriptBuildPhase;
			buildActionMask = 2147483647;
			files = (
			);
			inputPaths = (
			);
			name = "[CP] Copy Pods Resources";
			outputPaths = (
			);
			runOnlyForDeploymentPostprocessing = 0;
			shellPath = /bin/sh;
			shellScript = "\"${SRCROOT}/Pods/Target Support Files/Pods-TVRemoteUITests/Pods-TVRemoteUITests-resources.sh\"\n";
			showEnvVarsInLog = 0;
		};
		742B98107C43B21EF77AA60C /* [CP] Check Pods Manifest.lock */ = {
			isa = PBXShellScriptBuildPhase;
			buildActionMask = 2147483647;
			files = (
			);
			inputPaths = (
			);
			name = "[CP] Check Pods Manifest.lock";
			outputPaths = (
			);
			runOnlyForDeploymentPostprocessing = 0;
			shellPath = /bin/sh;
			shellScript = "diff \"${PODS_ROOT}/../Podfile.lock\" \"${PODS_ROOT}/Manifest.lock\" > /dev/null\nif [[ $? != 0 ]] ; then\n    cat << EOM\nerror: The sandbox is not in sync with the Podfile.lock. Run 'pod install' or update your CocoaPods installation.\nEOM\n    exit 1\nfi\n";
			showEnvVarsInLog = 0;
		};
		768BC8839963A6AE77DFADBA /* [CP] Check Pods Manifest.lock */ = {
			isa = PBXShellScriptBuildPhase;
			buildActionMask = 2147483647;
			files = (
			);
			inputPaths = (
			);
			name = "[CP] Check Pods Manifest.lock";
			outputPaths = (
			);
			runOnlyForDeploymentPostprocessing = 0;
			shellPath = /bin/sh;
			shellScript = "diff \"${PODS_ROOT}/../Podfile.lock\" \"${PODS_ROOT}/Manifest.lock\" > /dev/null\nif [[ $? != 0 ]] ; then\n    cat << EOM\nerror: The sandbox is not in sync with the Podfile.lock. Run 'pod install' or update your CocoaPods installation.\nEOM\n    exit 1\nfi\n";
			showEnvVarsInLog = 0;
		};
		7F618AC1CD75AE507DDC1741 /* [CP] Embed Pods Frameworks */ = {
			isa = PBXShellScriptBuildPhase;
			buildActionMask = 2147483647;
			files = (
			);
			inputPaths = (
			);
			name = "[CP] Embed Pods Frameworks";
			outputPaths = (
			);
			runOnlyForDeploymentPostprocessing = 0;
			shellPath = /bin/sh;
			shellScript = "\"${SRCROOT}/Pods/Target Support Files/Pods-TVRemoteTests/Pods-TVRemoteTests-frameworks.sh\"\n";
			showEnvVarsInLog = 0;
		};
		D35841E6A5D704AF7F9588A6 /* [CP] Check Pods Manifest.lock */ = {
			isa = PBXShellScriptBuildPhase;
			buildActionMask = 2147483647;
			files = (
			);
			inputPaths = (
			);
			name = "[CP] Check Pods Manifest.lock";
			outputPaths = (
			);
			runOnlyForDeploymentPostprocessing = 0;
			shellPath = /bin/sh;
			shellScript = "diff \"${PODS_ROOT}/../Podfile.lock\" \"${PODS_ROOT}/Manifest.lock\" > /dev/null\nif [[ $? != 0 ]] ; then\n    cat << EOM\nerror: The sandbox is not in sync with the Podfile.lock. Run 'pod install' or update your CocoaPods installation.\nEOM\n    exit 1\nfi\n";
			showEnvVarsInLog = 0;
		};
		FCD012F2071D64A374112FC7 /* [CP] Embed Pods Frameworks */ = {
			isa = PBXShellScriptBuildPhase;
			buildActionMask = 2147483647;
			files = (
			);
			inputPaths = (
			);
			name = "[CP] Embed Pods Frameworks";
			outputPaths = (
			);
			runOnlyForDeploymentPostprocessing = 0;
			shellPath = /bin/sh;
			shellScript = "\"${SRCROOT}/Pods/Target Support Files/Pods-TVRemote/Pods-TVRemote-frameworks.sh\"\n";
			showEnvVarsInLog = 0;
		};
/* End PBXShellScriptBuildPhase section */

/* Begin PBXSourcesBuildPhase section */
		EA7D63921D033735001675C3 /* Sources */ = {
			isa = PBXSourcesBuildPhase;
			buildActionMask = 2147483647;
			files = (
				EAE8377D1D1AC227000938D8 /* YSKRecognizerViewController.swift in Sources */,
				EAE837771D1AC1E1000938D8 /* YSKRecognizerCell.m in Sources */,
				EAE837761D1AC1E1000938D8 /* YSKRecognizeButton.m in Sources */,
				EAE837791D1AC1E1000938D8 /* YSKRecognizerPowerView.m in Sources */,
				EAE837691D1AC1C4000938D8 /* UIColor+Brightness.m in Sources */,
				EAE8376A1D1AC1C4000938D8 /* UIColor+Hex.m in Sources */,
				EA7D639C1D033735001675C3 /* ViewController.swift in Sources */,
				EA7D639A1D033735001675C3 /* AppDelegate.swift in Sources */,
				EAE8377A1D1AC1E1000938D8 /* YSKRecognizerSectionHeaderView.m in Sources */,
				EAE8376B1D1AC1C4000938D8 /* UIView+NIB.m in Sources */,
			);
			runOnlyForDeploymentPostprocessing = 0;
		};
		EA7D63A61D033735001675C3 /* Sources */ = {
			isa = PBXSourcesBuildPhase;
			buildActionMask = 2147483647;
			files = (
				EA7D63AF1D033735001675C3 /* TVRemoteTests.swift in Sources */,
			);
			runOnlyForDeploymentPostprocessing = 0;
		};
		EA7D63B11D033735001675C3 /* Sources */ = {
			isa = PBXSourcesBuildPhase;
			buildActionMask = 2147483647;
			files = (
				EA7D63BA1D033735001675C3 /* TVRemoteUITests.swift in Sources */,
			);
			runOnlyForDeploymentPostprocessing = 0;
		};
/* End PBXSourcesBuildPhase section */

/* Begin PBXTargetDependency section */
		EA7D63AC1D033735001675C3 /* PBXTargetDependency */ = {
			isa = PBXTargetDependency;
			target = EA7D63951D033735001675C3 /* TVRemote */;
			targetProxy = EA7D63AB1D033735001675C3 /* PBXContainerItemProxy */;
		};
		EA7D63B71D033735001675C3 /* PBXTargetDependency */ = {
			isa = PBXTargetDependency;
			target = EA7D63951D033735001675C3 /* TVRemote */;
			targetProxy = EA7D63B61D033735001675C3 /* PBXContainerItemProxy */;
		};
/* End PBXTargetDependency section */

/* Begin PBXVariantGroup section */
		EA7D639D1D033735001675C3 /* Main.storyboard */ = {
			isa = PBXVariantGroup;
			children = (
				EA7D639E1D033735001675C3 /* Base */,
			);
			name = Main.storyboard;
			sourceTree = "<group>";
		};
		EA7D63A21D033735001675C3 /* LaunchScreen.storyboard */ = {
			isa = PBXVariantGroup;
			children = (
				EA7D63A31D033735001675C3 /* Base */,
			);
			name = LaunchScreen.storyboard;
			sourceTree = "<group>";
		};
/* End PBXVariantGroup section */

/* Begin XCBuildConfiguration section */
		D6A7D4331D4E499A003D611F /* AdHoc */ = {
			isa = XCBuildConfiguration;
			buildSettings = {
				ALWAYS_SEARCH_USER_PATHS = NO;
				CLANG_ANALYZER_NONNULL = YES;
				CLANG_CXX_LANGUAGE_STANDARD = "gnu++0x";
				CLANG_CXX_LIBRARY = "libc++";
				CLANG_ENABLE_MODULES = YES;
				CLANG_ENABLE_OBJC_ARC = YES;
				CLANG_WARN_BOOL_CONVERSION = YES;
				CLANG_WARN_CONSTANT_CONVERSION = YES;
				CLANG_WARN_DIRECT_OBJC_ISA_USAGE = YES_ERROR;
				CLANG_WARN_EMPTY_BODY = YES;
				CLANG_WARN_ENUM_CONVERSION = YES;
				CLANG_WARN_INT_CONVERSION = YES;
				CLANG_WARN_OBJC_ROOT_CLASS = YES_ERROR;
				CLANG_WARN_UNREACHABLE_CODE = YES;
				CLANG_WARN__DUPLICATE_METHOD_MATCH = YES;
				"CODE_SIGN_IDENTITY[sdk=iphoneos*]" = "iPhone Developer";
				COPY_PHASE_STRIP = NO;
				DEBUG_INFORMATION_FORMAT = "dwarf-with-dsym";
				ENABLE_NS_ASSERTIONS = NO;
				ENABLE_STRICT_OBJC_MSGSEND = YES;
				GCC_C_LANGUAGE_STANDARD = gnu99;
				GCC_NO_COMMON_BLOCKS = YES;
				GCC_WARN_64_TO_32_BIT_CONVERSION = YES;
				GCC_WARN_ABOUT_RETURN_TYPE = YES_ERROR;
				GCC_WARN_UNDECLARED_SELECTOR = YES;
				GCC_WARN_UNINITIALIZED_AUTOS = YES_AGGRESSIVE;
				GCC_WARN_UNUSED_FUNCTION = YES;
				GCC_WARN_UNUSED_VARIABLE = YES;
				IPHONEOS_DEPLOYMENT_TARGET = 9.3;
				MTL_ENABLE_DEBUG_INFO = NO;
				SDKROOT = iphoneos;
				VALIDATE_PRODUCT = YES;
			};
			name = AdHoc;
		};
		D6A7D4341D4E499A003D611F /* AdHoc */ = {
			isa = XCBuildConfiguration;
			baseConfigurationReference = 202D21EA354828C485401194 /* Pods-TVRemote.adhoc.xcconfig */;
			buildSettings = {
				ASSETCATALOG_COMPILER_APPICON_NAME = AppIcon;
				ASSETCATALOG_COMPILER_LAUNCHIMAGE_NAME = "Brand Assets";
				CLANG_ENABLE_MODULES = YES;
				CODE_SIGN_IDENTITY = "iPhone Developer";
				"CODE_SIGN_IDENTITY[sdk=iphoneos*]" = "iPhone Developer";
				DEVELOPMENT_TEAM = P2VQJ92T9R;
				ENABLE_BITCODE = NO;
				INFOPLIST_FILE = TVRemote/Info.plist;
				LD_RUNPATH_SEARCH_PATHS = "$(inherited) @executable_path/Frameworks";
				PRODUCT_BUNDLE_IDENTIFIER = ru.styskin.YetAnotherTVRemote;
				PRODUCT_NAME = "$(TARGET_NAME)";
				PROVISIONING_PROFILE = "";
				SWIFT_OBJC_BRIDGING_HEADER = "TVRemote/TVRemote-Bridging-Header.h";
				SWIFT_VERSION = 2.3;
			};
			name = AdHoc;
		};
		D6A7D4351D4E499A003D611F /* AdHoc */ = {
			isa = XCBuildConfiguration;
			baseConfigurationReference = 77F3C6E75DE59EF2C22578F0 /* Pods-TVRemoteTests.adhoc.xcconfig */;
			buildSettings = {
				BUNDLE_LOADER = "$(TEST_HOST)";
				INFOPLIST_FILE = TVRemoteTests/Info.plist;
				LD_RUNPATH_SEARCH_PATHS = "$(inherited) @executable_path/Frameworks @loader_path/Frameworks";
				PRODUCT_BUNDLE_IDENTIFIER = ru.styskin.TVRemoteTests;
				PRODUCT_NAME = "$(TARGET_NAME)";
				SWIFT_VERSION = 2.3;
				TEST_HOST = "$(BUILT_PRODUCTS_DIR)/TVRemote.app/TVRemote";
			};
			name = AdHoc;
		};
		D6A7D4361D4E499A003D611F /* AdHoc */ = {
			isa = XCBuildConfiguration;
			baseConfigurationReference = 41EAD9DCF60F89BD163A2866 /* Pods-TVRemoteUITests.adhoc.xcconfig */;
			buildSettings = {
				INFOPLIST_FILE = TVRemoteUITests/Info.plist;
				LD_RUNPATH_SEARCH_PATHS = "$(inherited) @executable_path/Frameworks @loader_path/Frameworks";
				PRODUCT_BUNDLE_IDENTIFIER = ru.styskin.TVRemoteUITests;
				PRODUCT_NAME = "$(TARGET_NAME)";
				SWIFT_VERSION = 2.3;
				TEST_TARGET_NAME = TVRemote;
			};
			name = AdHoc;
		};
		EA7D63BC1D033735001675C3 /* Debug */ = {
			isa = XCBuildConfiguration;
			buildSettings = {
				ALWAYS_SEARCH_USER_PATHS = NO;
				CLANG_ANALYZER_NONNULL = YES;
				CLANG_CXX_LANGUAGE_STANDARD = "gnu++0x";
				CLANG_CXX_LIBRARY = "libc++";
				CLANG_ENABLE_MODULES = YES;
				CLANG_ENABLE_OBJC_ARC = YES;
				CLANG_WARN_BOOL_CONVERSION = YES;
				CLANG_WARN_CONSTANT_CONVERSION = YES;
				CLANG_WARN_DIRECT_OBJC_ISA_USAGE = YES_ERROR;
				CLANG_WARN_EMPTY_BODY = YES;
				CLANG_WARN_ENUM_CONVERSION = YES;
				CLANG_WARN_INT_CONVERSION = YES;
				CLANG_WARN_OBJC_ROOT_CLASS = YES_ERROR;
				CLANG_WARN_UNREACHABLE_CODE = YES;
				CLANG_WARN__DUPLICATE_METHOD_MATCH = YES;
				"CODE_SIGN_IDENTITY[sdk=iphoneos*]" = "iPhone Developer";
				COPY_PHASE_STRIP = NO;
				DEBUG_INFORMATION_FORMAT = dwarf;
				ENABLE_STRICT_OBJC_MSGSEND = YES;
				ENABLE_TESTABILITY = YES;
				GCC_C_LANGUAGE_STANDARD = gnu99;
				GCC_DYNAMIC_NO_PIC = NO;
				GCC_NO_COMMON_BLOCKS = YES;
				GCC_OPTIMIZATION_LEVEL = 0;
				GCC_PREPROCESSOR_DEFINITIONS = (
					"DEBUG=1",
					"$(inherited)",
				);
				GCC_WARN_64_TO_32_BIT_CONVERSION = YES;
				GCC_WARN_ABOUT_RETURN_TYPE = YES_ERROR;
				GCC_WARN_UNDECLARED_SELECTOR = YES;
				GCC_WARN_UNINITIALIZED_AUTOS = YES_AGGRESSIVE;
				GCC_WARN_UNUSED_FUNCTION = YES;
				GCC_WARN_UNUSED_VARIABLE = YES;
				IPHONEOS_DEPLOYMENT_TARGET = 9.3;
				MTL_ENABLE_DEBUG_INFO = YES;
				ONLY_ACTIVE_ARCH = YES;
				SDKROOT = iphoneos;
				SWIFT_OPTIMIZATION_LEVEL = "-Onone";
			};
			name = Debug;
		};
		EA7D63BD1D033735001675C3 /* Release */ = {
			isa = XCBuildConfiguration;
			buildSettings = {
				ALWAYS_SEARCH_USER_PATHS = NO;
				CLANG_ANALYZER_NONNULL = YES;
				CLANG_CXX_LANGUAGE_STANDARD = "gnu++0x";
				CLANG_CXX_LIBRARY = "libc++";
				CLANG_ENABLE_MODULES = YES;
				CLANG_ENABLE_OBJC_ARC = YES;
				CLANG_WARN_BOOL_CONVERSION = YES;
				CLANG_WARN_CONSTANT_CONVERSION = YES;
				CLANG_WARN_DIRECT_OBJC_ISA_USAGE = YES_ERROR;
				CLANG_WARN_EMPTY_BODY = YES;
				CLANG_WARN_ENUM_CONVERSION = YES;
				CLANG_WARN_INT_CONVERSION = YES;
				CLANG_WARN_OBJC_ROOT_CLASS = YES_ERROR;
				CLANG_WARN_UNREACHABLE_CODE = YES;
				CLANG_WARN__DUPLICATE_METHOD_MATCH = YES;
				"CODE_SIGN_IDENTITY[sdk=iphoneos*]" = "iPhone Developer";
				COPY_PHASE_STRIP = NO;
				DEBUG_INFORMATION_FORMAT = "dwarf-with-dsym";
				ENABLE_NS_ASSERTIONS = NO;
				ENABLE_STRICT_OBJC_MSGSEND = YES;
				GCC_C_LANGUAGE_STANDARD = gnu99;
				GCC_NO_COMMON_BLOCKS = YES;
				GCC_WARN_64_TO_32_BIT_CONVERSION = YES;
				GCC_WARN_ABOUT_RETURN_TYPE = YES_ERROR;
				GCC_WARN_UNDECLARED_SELECTOR = YES;
				GCC_WARN_UNINITIALIZED_AUTOS = YES_AGGRESSIVE;
				GCC_WARN_UNUSED_FUNCTION = YES;
				GCC_WARN_UNUSED_VARIABLE = YES;
				IPHONEOS_DEPLOYMENT_TARGET = 9.3;
				MTL_ENABLE_DEBUG_INFO = NO;
				SDKROOT = iphoneos;
				VALIDATE_PRODUCT = YES;
			};
			name = Release;
		};
		EA7D63BF1D033735001675C3 /* Debug */ = {
			isa = XCBuildConfiguration;
			baseConfigurationReference = 6C0AB053E1921627F0A9C370 /* Pods-TVRemote.debug.xcconfig */;
			buildSettings = {
				ASSETCATALOG_COMPILER_APPICON_NAME = AppIcon;
				ASSETCATALOG_COMPILER_LAUNCHIMAGE_NAME = "Brand Assets";
				CLANG_ENABLE_MODULES = YES;
				CODE_SIGN_IDENTITY = "iPhone Developer";
				"CODE_SIGN_IDENTITY[sdk=iphoneos*]" = "iPhone Developer";
				DEVELOPMENT_TEAM = P2VQJ92T9R;
				ENABLE_BITCODE = NO;
				INFOPLIST_FILE = TVRemote/Info.plist;
				LD_RUNPATH_SEARCH_PATHS = "$(inherited) @executable_path/Frameworks";
				PRODUCT_BUNDLE_IDENTIFIER = ru.styskin.YetAnotherTVRemote;
				PRODUCT_NAME = "$(TARGET_NAME)";
				PROVISIONING_PROFILE = "";
				SWIFT_OBJC_BRIDGING_HEADER = "TVRemote/TVRemote-Bridging-Header.h";
				SWIFT_OPTIMIZATION_LEVEL = "-Onone";
				SWIFT_VERSION = 2.3;
			};
			name = Debug;
		};
		EA7D63C01D033735001675C3 /* Release */ = {
			isa = XCBuildConfiguration;
			baseConfigurationReference = DD20F63F8C999C83F80805B3 /* Pods-TVRemote.release.xcconfig */;
			buildSettings = {
				ASSETCATALOG_COMPILER_APPICON_NAME = AppIcon;
				ASSETCATALOG_COMPILER_LAUNCHIMAGE_NAME = "Brand Assets";
				CLANG_ENABLE_MODULES = YES;
				CODE_SIGN_IDENTITY = "iPhone Developer";
				"CODE_SIGN_IDENTITY[sdk=iphoneos*]" = "iPhone Developer";
				DEVELOPMENT_TEAM = P2VQJ92T9R;
				ENABLE_BITCODE = NO;
				INFOPLIST_FILE = TVRemote/Info.plist;
				LD_RUNPATH_SEARCH_PATHS = "$(inherited) @executable_path/Frameworks";
				PRODUCT_BUNDLE_IDENTIFIER = ru.styskin.YetAnotherTVRemote;
				PRODUCT_NAME = "$(TARGET_NAME)";
				PROVISIONING_PROFILE = "";
				SWIFT_OBJC_BRIDGING_HEADER = "TVRemote/TVRemote-Bridging-Header.h";
				SWIFT_VERSION = 2.3;
			};
			name = Release;
		};
		EA7D63C21D033735001675C3 /* Debug */ = {
			isa = XCBuildConfiguration;
			baseConfigurationReference = 3A0F2CF781ECE0D7FE9DFA03 /* Pods-TVRemoteTests.debug.xcconfig */;
			buildSettings = {
				BUNDLE_LOADER = "$(TEST_HOST)";
				INFOPLIST_FILE = TVRemoteTests/Info.plist;
				LD_RUNPATH_SEARCH_PATHS = "$(inherited) @executable_path/Frameworks @loader_path/Frameworks";
				PRODUCT_BUNDLE_IDENTIFIER = ru.styskin.TVRemoteTests;
				PRODUCT_NAME = "$(TARGET_NAME)";
				SWIFT_VERSION = 2.3;
				TEST_HOST = "$(BUILT_PRODUCTS_DIR)/TVRemote.app/TVRemote";
			};
			name = Debug;
		};
		EA7D63C31D033735001675C3 /* Release */ = {
			isa = XCBuildConfiguration;
			baseConfigurationReference = 64F8B42E6E9FC9AA89F541E4 /* Pods-TVRemoteTests.release.xcconfig */;
			buildSettings = {
				BUNDLE_LOADER = "$(TEST_HOST)";
				INFOPLIST_FILE = TVRemoteTests/Info.plist;
				LD_RUNPATH_SEARCH_PATHS = "$(inherited) @executable_path/Frameworks @loader_path/Frameworks";
				PRODUCT_BUNDLE_IDENTIFIER = ru.styskin.TVRemoteTests;
				PRODUCT_NAME = "$(TARGET_NAME)";
				SWIFT_VERSION = 2.3;
				TEST_HOST = "$(BUILT_PRODUCTS_DIR)/TVRemote.app/TVRemote";
			};
			name = Release;
		};
		EA7D63C51D033735001675C3 /* Debug */ = {
			isa = XCBuildConfiguration;
			baseConfigurationReference = 28E428921C59CF8E310C86A7 /* Pods-TVRemoteUITests.debug.xcconfig */;
			buildSettings = {
				INFOPLIST_FILE = TVRemoteUITests/Info.plist;
				LD_RUNPATH_SEARCH_PATHS = "$(inherited) @executable_path/Frameworks @loader_path/Frameworks";
				PRODUCT_BUNDLE_IDENTIFIER = ru.styskin.TVRemoteUITests;
				PRODUCT_NAME = "$(TARGET_NAME)";
				SWIFT_VERSION = 2.3;
				TEST_TARGET_NAME = TVRemote;
			};
			name = Debug;
		};
		EA7D63C61D033735001675C3 /* Release */ = {
			isa = XCBuildConfiguration;
			baseConfigurationReference = E434D7329AF6C36FD83A7CD2 /* Pods-TVRemoteUITests.release.xcconfig */;
			buildSettings = {
				INFOPLIST_FILE = TVRemoteUITests/Info.plist;
				LD_RUNPATH_SEARCH_PATHS = "$(inherited) @executable_path/Frameworks @loader_path/Frameworks";
				PRODUCT_BUNDLE_IDENTIFIER = ru.styskin.TVRemoteUITests;
				PRODUCT_NAME = "$(TARGET_NAME)";
				SWIFT_VERSION = 2.3;
				TEST_TARGET_NAME = TVRemote;
			};
			name = Release;
		};
/* End XCBuildConfiguration section */

/* Begin XCConfigurationList section */
		EA7D63911D033735001675C3 /* Build configuration list for PBXProject "TVRemote" */ = {
			isa = XCConfigurationList;
			buildConfigurations = (
				EA7D63BC1D033735001675C3 /* Debug */,
				EA7D63BD1D033735001675C3 /* Release */,
				D6A7D4331D4E499A003D611F /* AdHoc */,
			);
			defaultConfigurationIsVisible = 0;
			defaultConfigurationName = Release;
		};
		EA7D63BE1D033735001675C3 /* Build configuration list for PBXNativeTarget "TVRemote" */ = {
			isa = XCConfigurationList;
			buildConfigurations = (
				EA7D63BF1D033735001675C3 /* Debug */,
				EA7D63C01D033735001675C3 /* Release */,
				D6A7D4341D4E499A003D611F /* AdHoc */,
			);
			defaultConfigurationIsVisible = 0;
			defaultConfigurationName = Release;
		};
		EA7D63C11D033735001675C3 /* Build configuration list for PBXNativeTarget "TVRemoteTests" */ = {
			isa = XCConfigurationList;
			buildConfigurations = (
				EA7D63C21D033735001675C3 /* Debug */,
				EA7D63C31D033735001675C3 /* Release */,
				D6A7D4351D4E499A003D611F /* AdHoc */,
			);
			defaultConfigurationIsVisible = 0;
			defaultConfigurationName = Release;
		};
		EA7D63C41D033735001675C3 /* Build configuration list for PBXNativeTarget "TVRemoteUITests" */ = {
			isa = XCConfigurationList;
			buildConfigurations = (
				EA7D63C51D033735001675C3 /* Debug */,
				EA7D63C61D033735001675C3 /* Release */,
				D6A7D4361D4E499A003D611F /* AdHoc */,
			);
			defaultConfigurationIsVisible = 0;
			defaultConfigurationName = Release;
		};
/* End XCConfigurationList section */
	};
	rootObject = EA7D638E1D033735001675C3 /* Project object */;
}
